PODS:
  - TestFramework (0.1.0):
    - TestFramework/AFNetworking (= 0.1.0)
  - TestFramework/AFNetworking (0.1.0)

DEPENDENCIES:
  - TestFramework (from `../`)

EXTERNAL SOURCES:
  TestFramework:
    :path: "../"

SPEC CHECKSUMS:
  TestFramework: d254cba1080b2879175f69aaa78865328eb819c3

PODFILE CHECKSUM: 9379bc9dbd116ab0e9f9f040d2542e908ccab77d

COCOAPODS: 1.11.3
